schema: '2.0'
stages:
  test-dvclive:
    cmd: python test_live_metrics.py
    params:
      params.yaml:
        epochs: 2
        trigger: 1
    outs:
    - path: dvclive/metrics.json
      md5: a2c3073ee0af50d19ccb3c66c1e015c6
      size: 79
    - path: dvclive/plots
      md5: 3ff025315c384d7a7b35d24f820fa4f3.dir
      size: 103
      nfiles: 2
