schema: '2.0'
stages:
  test-dvclive:
    cmd: python test_live_metrics.py
    params:
      params.yaml:
        epochs: 10
        trigger: 1
    outs:
    - path: dvclive/metrics.json
      md5: e3a4b61d70d54c4b23968e16201747ff
      size: 77
    - path: dvclive/plots
      md5: 2fb4f5cdf2134caa92ebe49d3b9179e2.dir
      size: 426
      nfiles: 2
