schema: '2.0'
stages:
  test-dvclive:
    cmd: python test_live_metrics.py
    params:
      params.yaml:
        epochs: 5
        trigger: 1
    outs:
    - path: dvclive/metrics.json
      md5: c86b6b4f1947cda850b94ca186e65438
      size: 79
    - path: dvclive/plots
      md5: 631fcb585bd0e4320b7b75099270c506.dir
      size: 224
      nfiles: 2
